
Microsoft Visual Studio Solution File, Format Version 12.00
# Visual Studio 2012
Project("{FAE04EC0-301F-11D3-BF4B-00C04F79EFBC}") = "SocketEjemplo", "C-Sharp\SocketEjemplo.csproj", "{7FC177C0-CD9D-487E-ACE6-9D41D891DAFB}"
EndProject
Global
	GlobalSection(SolutionConfigurationPlatforms) = preSolution
		Debug|x86 = Debug|x86
		Release|x86 = Release|x86
	EndGlobalSection
	GlobalSection(ProjectConfigurationPlatforms) = postSolution
		{7FC177C0-CD9D-487E-ACE6-9D41D891DAFB}.Debug|x86.ActiveCfg = Debug|x86
		{7FC177C0-CD9D-487E-ACE6-9D41D891DAFB}.Debug|x86.Build.0 = Debug|x86
		{7FC177C0-CD9D-487E-ACE6-9D41D891DAFB}.Release|x86.ActiveCfg = Release|x86
		{7FC177C0-CD9D-487E-ACE6-9D41D891DAFB}.Release|x86.Build.0 = Release|x86
	EndGlobalSection
EndGlobal
